
Microsoft Visual Studio Solution File, Format Version 12.00
# Visual Studio Version 17
VisualStudioVersion = 17.14.36717.8
MinimumVisualStudioVersion = 10.0.40219.1
Project("{FAE04EC0-301F-11D3-BF4B-00C04F79EFBC}") = "API", "src\WarehouseBusiness\API\API.csproj", "{888938AF-222F-4478-BDF5-6730F4C67CA5}"
EndProject
Project("{FAE04EC0-301F-11D3-BF4B-00C04F79EFBC}") = "Application", "src\WarehouseBusiness\Application\Application.csproj", "{DA3C2BF3-0377-48C4-A807-B792DAA7AB2E}"
EndProject
Project("{FAE04EC0-301F-11D3-BF4B-00C04F79EFBC}") = "Domain", "src\WarehouseBusiness\Domain\Domain.csproj", "{1DC2E382-83E5-47A5-AEA3-97FD9E4C44CC}"
EndProject
Project("{FAE04EC0-301F-11D3-BF4B-00C04F79EFBC}") = "Infrastructure", "src\WarehouseBusiness\Infrastructure\Infrastructure.csproj", "{ADB96E4D-B536-4313-9ACD-C411C2455CCF}"
EndProject
Project("{FAE04EC0-301F-11D3-BF4B-00C04F79EFBC}") = "Contract", "src\WarehouseBusiness\Contract\Contract.csproj", "{6EA2D1FD-77C1-4868-99EE-930E92F4FF2B}"
EndProject
Project("{FAE04EC0-301F-11D3-BF4B-00C04F79EFBC}") = "API.UnitTests", "tests\WarehouseBusiness.UnitTests\API.UnitTests\API.UnitTests.csproj", "{2DDF280B-1ED6-4674-92D7-61102DAF88A1}"
EndProject
Project("{FAE04EC0-301F-11D3-BF4B-00C04F79EFBC}") = "Application.UnitTests", "tests\WarehouseBusiness.UnitTests\Application.UnitTests\Application.UnitTests.csproj", "{92B3DE0B-2521-4FB5-905B-17A5EFD806B8}"
EndProject
Global
	GlobalSection(SolutionConfigurationPlatforms) = preSolution
		Debug|Any CPU = Debug|Any CPU
		Release|Any CPU = Release|Any CPU
	EndGlobalSection
	GlobalSection(ProjectConfigurationPlatforms) = postSolution
		{888938AF-222F-4478-BDF5-6730F4C67CA5}.Debug|Any CPU.ActiveCfg = Debug|Any CPU
		{888938AF-222F-4478-BDF5-6730F4C67CA5}.Debug|Any CPU.Build.0 = Debug|Any CPU
		{888938AF-222F-4478-BDF5-6730F4C67CA5}.Release|Any CPU.ActiveCfg = Release|Any CPU
		{888938AF-222F-4478-BDF5-6730F4C67CA5}.Release|Any CPU.Build.0 = Release|Any CPU
		{DA3C2BF3-0377-48C4-A807-B792DAA7AB2E}.Debug|Any CPU.ActiveCfg = Debug|Any CPU
		{DA3C2BF3-0377-48C4-A807-B792DAA7AB2E}.Debug|Any CPU.Build.0 = Debug|Any CPU
		{DA3C2BF3-0377-48C4-A807-B792DAA7AB2E}.Release|Any CPU.ActiveCfg = Release|Any CPU
		{DA3C2BF3-0377-48C4-A807-B792DAA7AB2E}.Release|Any CPU.Build.0 = Release|Any CPU
		{1DC2E382-83E5-47A5-AEA3-97FD9E4C44CC}.Debug|Any CPU.ActiveCfg = Debug|Any CPU
		{1DC2E382-83E5-47A5-AEA3-97FD9E4C44CC}.Debug|Any CPU.Build.0 = Debug|Any CPU
		{1DC2E382-83E5-47A5-AEA3-97FD9E4C44CC}.Release|Any CPU.ActiveCfg = Release|Any CPU
		{1DC2E382-83E5-47A5-AEA3-97FD9E4C44CC}.Release|Any CPU.Build.0 = Release|Any CPU
		{ADB96E4D-B536-4313-9ACD-C411C2455CCF}.Debug|Any CPU.ActiveCfg = Debug|Any CPU
		{ADB96E4D-B536-4313-9ACD-C411C2455CCF}.Debug|Any CPU.Build.0 = Debug|Any CPU
		{ADB96E4D-B536-4313-9ACD-C411C2455CCF}.Release|Any CPU.ActiveCfg = Release|Any CPU
		{ADB96E4D-B536-4313-9ACD-C411C2455CCF}.Release|Any CPU.Build.0 = Release|Any CPU
		{6EA2D1FD-77C1-4868-99EE-930E92F4FF2B}.Debug|Any CPU.ActiveCfg = Debug|Any CPU
		{6EA2D1FD-77C1-4868-99EE-930E92F4FF2B}.Debug|Any CPU.Build.0 = Debug|Any CPU
		{6EA2D1FD-77C1-4868-99EE-930E92F4FF2B}.Release|Any CPU.ActiveCfg = Release|Any CPU
		{6EA2D1FD-77C1-4868-99EE-930E92F4FF2B}.Release|Any CPU.Build.0 = Release|Any CPU
		{2DDF280B-1ED6-4674-92D7-61102DAF88A1}.Debug|Any CPU.ActiveCfg = Debug|Any CPU
		{2DDF280B-1ED6-4674-92D7-61102DAF88A1}.Debug|Any CPU.Build.0 = Debug|Any CPU
		{2DDF280B-1ED6-4674-92D7-61102DAF88A1}.Release|Any CPU.ActiveCfg = Release|Any CPU
		{2DDF280B-1ED6-4674-92D7-61102DAF88A1}.Release|Any CPU.Build.0 = Release|Any CPU
		{92B3DE0B-2521-4FB5-905B-17A5EFD806B8}.Debug|Any CPU.ActiveCfg = Debug|Any CPU
		{92B3DE0B-2521-4FB5-905B-17A5EFD806B8}.Debug|Any CPU.Build.0 = Debug|Any CPU
		{92B3DE0B-2521-4FB5-905B-17A5EFD806B8}.Release|Any CPU.ActiveCfg = Release|Any CPU
		{92B3DE0B-2521-4FB5-905B-17A5EFD806B8}.Release|Any CPU.Build.0 = Release|Any CPU
	EndGlobalSection
	GlobalSection(SolutionProperties) = preSolution
		HideSolutionNode = FALSE
	EndGlobalSection
	GlobalSection(ExtensibilityGlobals) = postSolution
		SolutionGuid = {33297F33-499F-4BB7-8F38-C45DF50B7D1A}
	EndGlobalSection
EndGlobal
